
Microsoft Visual Studio Solution File, Format Version 12.00
# Visual Studio 15
VisualStudioVersion = 15.0.28307.168
MinimumVisualStudioVersion = 10.0.40219.1
Project("{FAE04EC0-301F-11D3-BF4B-00C04F79EFBC}") = "CRUD", "WebApplication1\CRUD.csproj", "{9B1B3463-F82F-4D08-BC4D-84FCF1EF42C6}"
EndProject
Global
	GlobalSection(SolutionConfigurationPlatforms) = preSolution
		Debug|Any CPU = Debug|Any CPU
		Release|Any CPU = Release|Any CPU
	EndGlobalSection
	GlobalSection(ProjectConfigurationPlatforms) = postSolution
		{9B1B3463-F82F-4D08-BC4D-84FCF1EF42C6}.Debug|Any CPU.ActiveCfg = Debug|Any CPU
		{9B1B3463-F82F-4D08-BC4D-84FCF1EF42C6}.Debug|Any CPU.Build.0 = Debug|Any CPU
		{9B1B3463-F82F-4D08-BC4D-84FCF1EF42C6}.Release|Any CPU.ActiveCfg = Release|Any CPU
		{9B1B3463-F82F-4D08-BC4D-84FCF1EF42C6}.Release|Any CPU.Build.0 = Release|Any CPU
	EndGlobalSection
	GlobalSection(SolutionProperties) = preSolution
		HideSolutionNode = FALSE
	EndGlobalSection
	GlobalSection(ExtensibilityGlobals) = postSolution
		SolutionGuid = {45729BF7-C238-4598-9359-0C3E09F510EA}
	EndGlobalSection
EndGlobal
